{
  "name": "tauri",
  "lockfileVersion": 3,
  "requires": true,
  "packages": {
    "": {
      "dependencies": {
        "@tauri-apps/plugin-clipboard-manager": "^2.0.0",
        "@tauri-apps/plugin-dialog": "^2.0.1",
        "@tauri-apps/plugin-fs": "^2.0.1",
        "@tauri-apps/plugin-global-shortcut": "^2.0.0",
        "@tauri-apps/plugin-http": "^2.0.1",
        "@tauri-apps/plugin-notification": "^2.0.0",
        "@tauri-apps/plugin-os": "^2.0.0",
        "@tauri-apps/plugin-process": "^2.0.0",
        "@tauri-apps/plugin-shell": "^2.0.1",
        "@tauri-apps/plugin-updater": "^2.0.0"
      }
    },
    "node_modules/@tauri-apps/api": {
      "version": "2.0.3",
      "resolved": "https://registry.npmjs.org/@tauri-apps/api/-/api-2.0.3.tgz",
      "integrity": "sha512-840qk6n8rbXBXMA5/aAgTYsg5JAubKO0nXw5wf7IzGnUuYKGbB4oFBIZtXOIWy+E0kNTDI3qhq5iqsoMJfwp8g==",
      "funding": {
        "type": "opencollective",
        "url": "https://opencollective.com/tauri"
      }
    },
    "node_modules/@tauri-apps/plugin-clipboard-manager": {
      "version": "2.0.0",
      "resolved": "https://registry.npmjs.org/@tauri-apps/plugin-clipboard-manager/-/plugin-clipboard-manager-2.0.0.tgz",
      "integrity": "sha512-V1sXmbjnwfXt/r48RJMwfUmDMSaP/8/YbH4CLNxt+/sf1eHlIP8PRFdFDQwLN0cNQKu2rqQVbG/Wc/Ps6cDUhw==",
      "dependencies": {
        "@tauri-apps/api": "^2.0.0"
      }
    },
    "node_modules/@tauri-apps/plugin-dialog": {
      "version": "2.0.1",
      "resolved": "https://registry.npmjs.org/@tauri-apps/plugin-dialog/-/plugin-dialog-2.0.1.tgz",
      "integrity": "sha512-fnUrNr6EfvTqdls/ufusU7h6UbNFzLKvHk/zTuOiBq01R3dTODqwctZlzakdbfSp/7pNwTKvgKTAgl/NAP/Z0Q==",
      "dependencies": {
        "@tauri-apps/api": "^2.0.0"
      }
    },
    "node_modules/@tauri-apps/plugin-fs": {
      "version": "2.0.1",
      "resolved": "https://registry.npmjs.org/@tauri-apps/plugin-fs/-/plugin-fs-2.0.1.tgz",
      "integrity": "sha512-PkeZG2WAob9Xpmr66aPvj+McDVgFjV2a7YBzYVZjiCvbGeMs6Yk09tlXhCe3EyZdT/pwWMSi8lXUace+hlsjsw==",
      "dependencies": {
        "@tauri-apps/api": "^2.0.0"
      }
    },
    "node_modules/@tauri-apps/plugin-global-shortcut": {
      "version": "2.0.0",
      "resolved": "https://registry.npmjs.org/@tauri-apps/plugin-global-shortcut/-/plugin-global-shortcut-2.0.0.tgz",
      "integrity": "sha512-pnB4CUwFVjg4twtBSxoLJ4uLFTYxsvOdC1zIbG581pYzhYatOl6mjB+ijD5SSXgiS/jNoqMcfkOF9PWAisurew==",
      "license": "MIT OR Apache-2.0",
      "dependencies": {
        "@tauri-apps/api": "^2.0.0"
      }
    },
    "node_modules/@tauri-apps/plugin-http": {
      "version": "2.0.1",
      "resolved": "https://registry.npmjs.org/@tauri-apps/plugin-http/-/plugin-http-2.0.1.tgz",
      "integrity": "sha512-j6IA3pVBybSCwPpsihpX4z8bs6PluuGtr06ahL/xy4D8HunNBTmRmadJrFOQi0gOAbaig4MkQ15nzNLBLy8R1A==",
      "dependencies": {
        "@tauri-apps/api": "^2.0.0"
      }
    },
    "node_modules/@tauri-apps/plugin-notification": {
      "version": "2.0.0",
      "resolved": "https://registry.npmjs.org/@tauri-apps/plugin-notification/-/plugin-notification-2.0.0.tgz",
      "integrity": "sha512-6qEDYJS7mgXZWLXA0EFL+DVCJh8sJlzSoyw6B50pxhLPVFjc5Vr5DVzl5W3mUHaYhod5wsC984eQnlCCGqxYDA==",
      "license": "MIT OR Apache-2.0",
      "dependencies": {
        "@tauri-apps/api": "^2.0.0"
      }
    },
    "node_modules/@tauri-apps/plugin-os": {
      "version": "2.0.0",
      "resolved": "https://registry.npmjs.org/@tauri-apps/plugin-os/-/plugin-os-2.0.0.tgz",
      "integrity": "sha512-M7hG/nNyQYTJxVG/UhTKhp9mpXriwWzrs9mqDreB8mIgqA3ek5nHLdwRZJWhkKjZrnDT4v9CpA9BhYeplTlAiA==",
      "dependencies": {
        "@tauri-apps/api": "^2.0.0"
      }
    },
    "node_modules/@tauri-apps/plugin-process": {
      "version": "2.0.0",
      "resolved": "https://registry.npmjs.org/@tauri-apps/plugin-process/-/plugin-process-2.0.0.tgz",
      "integrity": "sha512-OYzi0GnkrF4NAnsHZU7U3tjSoP0PbeAlO7T1Z+vJoBUH9sFQ1NSLqWYWQyf8hcb3gVWe7P1JggjiskO+LST1ug==",
      "dependencies": {
        "@tauri-apps/api": "^2.0.0"
      }
    },
    "node_modules/@tauri-apps/plugin-shell": {
      "version": "2.0.1",
      "resolved": "https://registry.npmjs.org/@tauri-apps/plugin-shell/-/plugin-shell-2.0.1.tgz",
      "integrity": "sha512-akU1b77sw3qHiynrK0s930y8zKmcdrSD60htjH+mFZqv5WaakZA/XxHR3/sF1nNv9Mgmt/Shls37HwnOr00aSw==",
      "dependencies": {
        "@tauri-apps/api": "^2.0.0"
      }
    },
    "node_modules/@tauri-apps/plugin-updater": {
      "version": "2.0.0",
      "resolved": "https://registry.npmjs.org/@tauri-apps/plugin-updater/-/plugin-updater-2.0.0.tgz",
      "integrity": "sha512-N0cl71g7RPr7zK2Fe5aoIwzw14NcdLcz7XMGFWZVjprsqgDRWoxbnUkknyCQMZthjhGkppCd/wN2MIsUz+eAhQ==",
      "dependencies": {
        "@tauri-apps/api": "^2.0.0"
      }
    }
  }
}
